
Microsoft Visual Studio Solution File, Format Version 12.00
# Visual Studio Version 17
VisualStudioVersion = 17.6.33829.357
MinimumVisualStudioVersion = 10.0.40219.1
Project("{FAE04EC0-301F-11D3-BF4B-00C04F79EFBC}") = "NoiPurchasingSystem", "NoiPurchasingSystem.csproj", "{2C37AACF-55CD-4B56-839D-24B79C53ED4B}"
EndProject
Global
	GlobalSection(SolutionConfigurationPlatforms) = preSolution
		Debug|Any CPU = Debug|Any CPU
		Release|Any CPU = Release|Any CPU
	EndGlobalSection
	GlobalSection(ProjectConfigurationPlatforms) = postSolution
		{2C37AACF-55CD-4B56-839D-24B79C53ED4B}.Debug|Any CPU.ActiveCfg = Debug|Any CPU
		{2C37AACF-55CD-4B56-839D-24B79C53ED4B}.Debug|Any CPU.Build.0 = Debug|Any CPU
		{2C37AACF-55CD-4B56-839D-24B79C53ED4B}.Release|Any CPU.ActiveCfg = Release|Any CPU
		{2C37AACF-55CD-4B56-839D-24B79C53ED4B}.Release|Any CPU.Build.0 = Release|Any CPU
	EndGlobalSection
	GlobalSection(SolutionProperties) = preSolution
		HideSolutionNode = FALSE
	EndGlobalSection
	GlobalSection(ExtensibilityGlobals) = postSolution
		SolutionGuid = {C597F7EA-9568-49B2-8187-B8EC250EA957}
	EndGlobalSection
EndGlobal
